
Microsoft Visual Studio Solution File, Format Version 12.00
# Visual Studio 14
VisualStudioVersion = 14.0.25420.1
MinimumVisualStudioVersion = 10.0.40219.1
Project("{FAE04EC0-301F-11D3-BF4B-00C04F79EFBC}") = "LnLTake2", "LnLTake2\LnLTake2\LnLTake2.csproj", "{BEF2DB1E-DC8C-4250-90C1-3818431873D8}"
EndProject
Project("{FAE04EC0-301F-11D3-BF4B-00C04F79EFBC}") = "LnLTake2.Droid", "LnLTake2\LnLTake2.Droid\LnLTake2.Droid.csproj", "{7BE815E9-23D1-4D8D-BA52-6E8FA9F68060}"
EndProject
Project("{FAE04EC0-301F-11D3-BF4B-00C04F79EFBC}") = "LnLTake2.iOS", "LnLTake2\LnLTake2.iOS\LnLTake2.iOS.csproj", "{FCCC5382-474B-4093-87F9-DA7E16B892A1}"
EndProject
Global
	GlobalSection(SolutionConfigurationPlatforms) = preSolution
		Ad-Hoc|Any CPU = Ad-Hoc|Any CPU
		Ad-Hoc|iPhone = Ad-Hoc|iPhone
		Ad-Hoc|iPhoneSimulator = Ad-Hoc|iPhoneSimulator
		AppStore|Any CPU = AppStore|Any CPU
		AppStore|iPhone = AppStore|iPhone
		AppStore|iPhoneSimulator = AppStore|iPhoneSimulator
		Debug|Any CPU = Debug|Any CPU
		Debug|iPhone = Debug|iPhone
		Debug|iPhoneSimulator = Debug|iPhoneSimulator
		Release|Any CPU = Release|Any CPU
		Release|iPhone = Release|iPhone
		Release|iPhoneSimulator = Release|iPhoneSimulator
	EndGlobalSection
	GlobalSection(ProjectConfigurationPlatforms) = postSolution
		{BEF2DB1E-DC8C-4250-90C1-3818431873D8}.Ad-Hoc|Any CPU.ActiveCfg = Release|Any CPU
		{BEF2DB1E-DC8C-4250-90C1-3818431873D8}.Ad-Hoc|Any CPU.Build.0 = Release|Any CPU
		{BEF2DB1E-DC8C-4250-90C1-3818431873D8}.Ad-Hoc|iPhone.ActiveCfg = Release|Any CPU
		{BEF2DB1E-DC8C-4250-90C1-3818431873D8}.Ad-Hoc|iPhone.Build.0 = Release|Any CPU
		{BEF2DB1E-DC8C-4250-90C1-3818431873D8}.Ad-Hoc|iPhoneSimulator.ActiveCfg = Release|Any CPU
		{BEF2DB1E-DC8C-4250-90C1-3818431873D8}.Ad-Hoc|iPhoneSimulator.Build.0 = Release|Any CPU
		{BEF2DB1E-DC8C-4250-90C1-3818431873D8}.AppStore|Any CPU.ActiveCfg = Release|Any CPU
		{BEF2DB1E-DC8C-4250-90C1-3818431873D8}.AppStore|Any CPU.Build.0 = Release|Any CPU
		{BEF2DB1E-DC8C-4250-90C1-3818431873D8}.AppStore|iPhone.ActiveCfg = Release|Any CPU
		{BEF2DB1E-DC8C-4250-90C1-3818431873D8}.AppStore|iPhone.Build.0 = Release|Any CPU
		{BEF2DB1E-DC8C-4250-90C1-3818431873D8}.AppStore|iPhoneSimulator.ActiveCfg = Release|Any CPU
		{BEF2DB1E-DC8C-4250-90C1-3818431873D8}.AppStore|iPhoneSimulator.Build.0 = Release|Any CPU
		{BEF2DB1E-DC8C-4250-90C1-3818431873D8}.Debug|Any CPU.ActiveCfg = Debug|Any CPU
		{BEF2DB1E-DC8C-4250-90C1-3818431873D8}.Debug|Any CPU.Build.0 = Debug|Any CPU
		{BEF2DB1E-DC8C-4250-90C1-3818431873D8}.Debug|iPhone.ActiveCfg = Debug|Any CPU
		{BEF2DB1E-DC8C-4250-90C1-3818431873D8}.Debug|iPhone.Build.0 = Debug|Any CPU
		{BEF2DB1E-DC8C-4250-90C1-3818431873D8}.Debug|iPhoneSimulator.ActiveCfg = Debug|Any CPU
		{BEF2DB1E-DC8C-4250-90C1-3818431873D8}.Debug|iPhoneSimulator.Build.0 = Debug|Any CPU
		{BEF2DB1E-DC8C-4250-90C1-3818431873D8}.Release|Any CPU.ActiveCfg = Release|Any CPU
		{BEF2DB1E-DC8C-4250-90C1-3818431873D8}.Release|Any CPU.Build.0 = Release|Any CPU
		{BEF2DB1E-DC8C-4250-90C1-3818431873D8}.Release|iPhone.ActiveCfg = Release|Any CPU
		{BEF2DB1E-DC8C-4250-90C1-3818431873D8}.Release|iPhone.Build.0 = Release|Any CPU
		{BEF2DB1E-DC8C-4250-90C1-3818431873D8}.Release|iPhoneSimulator.ActiveCfg = Release|Any CPU
		{BEF2DB1E-DC8C-4250-90C1-3818431873D8}.Release|iPhoneSimulator.Build.0 = Release|Any CPU
		{7BE815E9-23D1-4D8D-BA52-6E8FA9F68060}.Ad-Hoc|Any CPU.ActiveCfg = Release|Any CPU
		{7BE815E9-23D1-4D8D-BA52-6E8FA9F68060}.Ad-Hoc|Any CPU.Build.0 = Release|Any CPU
		{7BE815E9-23D1-4D8D-BA52-6E8FA9F68060}.Ad-Hoc|Any CPU.Deploy.0 = Release|Any CPU
		{7BE815E9-23D1-4D8D-BA52-6E8FA9F68060}.Ad-Hoc|iPhone.ActiveCfg = Release|Any CPU
		{7BE815E9-23D1-4D8D-BA52-6E8FA9F68060}.Ad-Hoc|iPhone.Build.0 = Release|Any CPU
		{7BE815E9-23D1-4D8D-BA52-6E8FA9F68060}.Ad-Hoc|iPhone.Deploy.0 = Release|Any CPU
		{7BE815E9-23D1-4D8D-BA52-6E8FA9F68060}.Ad-Hoc|iPhoneSimulator.ActiveCfg = Release|Any CPU
		{7BE815E9-23D1-4D8D-BA52-6E8FA9F68060}.Ad-Hoc|iPhoneSimulator.Build.0 = Release|Any CPU
		{7BE815E9-23D1-4D8D-BA52-6E8FA9F68060}.Ad-Hoc|iPhoneSimulator.Deploy.0 = Release|Any CPU
		{7BE815E9-23D1-4D8D-BA52-6E8FA9F68060}.AppStore|Any CPU.ActiveCfg = Release|Any CPU
		{7BE815E9-23D1-4D8D-BA52-6E8FA9F68060}.AppStore|Any CPU.Build.0 = Release|Any CPU
		{7BE815E9-23D1-4D8D-BA52-6E8FA9F68060}.AppStore|Any CPU.Deploy.0 = Release|Any CPU
		{7BE815E9-23D1-4D8D-BA52-6E8FA9F68060}.AppStore|iPhone.ActiveCfg = Release|Any CPU
		{7BE815E9-23D1-4D8D-BA52-6E8FA9F68060}.AppStore|iPhone.Build.0 = Release|Any CPU
		{7BE815E9-23D1-4D8D-BA52-6E8FA9F68060}.AppStore|iPhone.Deploy.0 = Release|Any CPU
		{7BE815E9-23D1-4D8D-BA52-6E8FA9F68060}.AppStore|iPhoneSimulator.ActiveCfg = Release|Any CPU
		{7BE815E9-23D1-4D8D-BA52-6E8FA9F68060}.AppStore|iPhoneSimulator.Build.0 = Release|Any CPU
		{7BE815E9-23D1-4D8D-BA52-6E8FA9F68060}.AppStore|iPhoneSimulator.Deploy.0 = Release|Any CPU
		{7BE815E9-23D1-4D8D-BA52-6E8FA9F68060}.Debug|Any CPU.ActiveCfg = Debug|Any CPU
		{7BE815E9-23D1-4D8D-BA52-6E8FA9F68060}.Debug|Any CPU.Build.0 = Debug|Any CPU
		{7BE815E9-23D1-4D8D-BA52-6E8FA9F68060}.Debug|Any CPU.Deploy.0 = Debug|Any CPU
		{7BE815E9-23D1-4D8D-BA52-6E8FA9F68060}.Debug|iPhone.ActiveCfg = Debug|Any CPU
		{7BE815E9-23D1-4D8D-BA52-6E8FA9F68060}.Debug|iPhone.Build.0 = Debug|Any CPU
		{7BE815E9-23D1-4D8D-BA52-6E8FA9F68060}.Debug|iPhone.Deploy.0 = Debug|Any CPU
		{7BE815E9-23D1-4D8D-BA52-6E8FA9F68060}.Debug|iPhoneSimulator.ActiveCfg = Debug|Any CPU
		{7BE815E9-23D1-4D8D-BA52-6E8FA9F68060}.Debug|iPhoneSimulator.Build.0 = Debug|Any CPU
		{7BE815E9-23D1-4D8D-BA52-6E8FA9F68060}.Debug|iPhoneSimulator.Deploy.0 = Debug|Any CPU
		{7BE815E9-23D1-4D8D-BA52-6E8FA9F68060}.Release|Any CPU.ActiveCfg = Release|Any CPU
		{7BE815E9-23D1-4D8D-BA52-6E8FA9F68060}.Release|Any CPU.Build.0 = Release|Any CPU
		{7BE815E9-23D1-4D8D-BA52-6E8FA9F68060}.Release|Any CPU.Deploy.0 = Release|Any CPU
		{7BE815E9-23D1-4D8D-BA52-6E8FA9F68060}.Release|iPhone.ActiveCfg = Release|Any CPU
		{7BE815E9-23D1-4D8D-BA52-6E8FA9F68060}.Release|iPhone.Build.0 = Release|Any CPU
		{7BE815E9-23D1-4D8D-BA52-6E8FA9F68060}.Release|iPhone.Deploy.0 = Release|Any CPU
		{7BE815E9-23D1-4D8D-BA52-6E8FA9F68060}.Release|iPhoneSimulator.ActiveCfg = Release|Any CPU
		{7BE815E9-23D1-4D8D-BA52-6E8FA9F68060}.Release|iPhoneSimulator.Build.0 = Release|Any CPU
		{7BE815E9-23D1-4D8D-BA52-6E8FA9F68060}.Release|iPhoneSimulator.Deploy.0 = Release|Any CPU
		{FCCC5382-474B-4093-87F9-DA7E16B892A1}.Ad-Hoc|Any CPU.ActiveCfg = Ad-Hoc|iPhone
		{FCCC5382-474B-4093-87F9-DA7E16B892A1}.Ad-Hoc|iPhone.ActiveCfg = Ad-Hoc|iPhone
		{FCCC5382-474B-4093-87F9-DA7E16B892A1}.Ad-Hoc|iPhone.Build.0 = Ad-Hoc|iPhone
		{FCCC5382-474B-4093-87F9-DA7E16B892A1}.Ad-Hoc|iPhoneSimulator.ActiveCfg = Ad-Hoc|iPhoneSimulator
		{FCCC5382-474B-4093-87F9-DA7E16B892A1}.Ad-Hoc|iPhoneSimulator.Build.0 = Ad-Hoc|iPhoneSimulator
		{FCCC5382-474B-4093-87F9-DA7E16B892A1}.AppStore|Any CPU.ActiveCfg = AppStore|iPhone
		{FCCC5382-474B-4093-87F9-DA7E16B892A1}.AppStore|iPhone.ActiveCfg = AppStore|iPhone
		{FCCC5382-474B-4093-87F9-DA7E16B892A1}.AppStore|iPhone.Build.0 = AppStore|iPhone
		{FCCC5382-474B-4093-87F9-DA7E16B892A1}.AppStore|iPhoneSimulator.ActiveCfg = AppStore|iPhoneSimulator
		{FCCC5382-474B-4093-87F9-DA7E16B892A1}.AppStore|iPhoneSimulator.Build.0 = AppStore|iPhoneSimulator
		{FCCC5382-474B-4093-87F9-DA7E16B892A1}.Debug|Any CPU.ActiveCfg = Debug|iPhone
		{FCCC5382-474B-4093-87F9-DA7E16B892A1}.Debug|iPhone.ActiveCfg = Debug|iPhone
		{FCCC5382-474B-4093-87F9-DA7E16B892A1}.Debug|iPhone.Build.0 = Debug|iPhone
		{FCCC5382-474B-4093-87F9-DA7E16B892A1}.Debug|iPhoneSimulator.ActiveCfg = Debug|iPhoneSimulator
		{FCCC5382-474B-4093-87F9-DA7E16B892A1}.Debug|iPhoneSimulator.Build.0 = Debug|iPhoneSimulator
		{FCCC5382-474B-4093-87F9-DA7E16B892A1}.Release|Any CPU.ActiveCfg = Release|iPhone
		{FCCC5382-474B-4093-87F9-DA7E16B892A1}.Release|iPhone.ActiveCfg = Release|iPhone
		{FCCC5382-474B-4093-87F9-DA7E16B892A1}.Release|iPhone.Build.0 = Release|iPhone
		{FCCC5382-474B-4093-87F9-DA7E16B892A1}.Release|iPhoneSimulator.ActiveCfg = Release|iPhoneSimulator
		{FCCC5382-474B-4093-87F9-DA7E16B892A1}.Release|iPhoneSimulator.Build.0 = Release|iPhoneSimulator
	EndGlobalSection
	GlobalSection(SolutionProperties) = preSolution
		HideSolutionNode = FALSE
	EndGlobalSection
EndGlobal
